
Microsoft Visual Studio Solution File, Format Version 12.00
# Visual Studio Version 16
VisualStudioVersion = 16.0.30114.105
MinimumVisualStudioVersion = 10.0.40219.1
Project("{FAE04EC0-301F-11D3-BF4B-00C04F79EFBC}") = "MyCarWebApi", "MyCarWebApi.csproj", "{5DBA3C8C-9E00-4D36-BAB2-6492C69D254D}"
EndProject
Global
	GlobalSection(SolutionConfigurationPlatforms) = preSolution
		Debug|Any CPU = Debug|Any CPU
		Release|Any CPU = Release|Any CPU
	EndGlobalSection
	GlobalSection(ProjectConfigurationPlatforms) = postSolution
		{5DBA3C8C-9E00-4D36-BAB2-6492C69D254D}.Debug|Any CPU.ActiveCfg = Debug|Any CPU
		{5DBA3C8C-9E00-4D36-BAB2-6492C69D254D}.Debug|Any CPU.Build.0 = Debug|Any CPU
		{5DBA3C8C-9E00-4D36-BAB2-6492C69D254D}.Release|Any CPU.ActiveCfg = Release|Any CPU
		{5DBA3C8C-9E00-4D36-BAB2-6492C69D254D}.Release|Any CPU.Build.0 = Release|Any CPU
	EndGlobalSection
	GlobalSection(SolutionProperties) = preSolution
		HideSolutionNode = FALSE
	EndGlobalSection
	GlobalSection(ExtensibilityGlobals) = postSolution
		SolutionGuid = {4B73D247-F58E-4C69-A337-522A4F54A8AD}
	EndGlobalSection
EndGlobal
